
Microsoft Visual Studio Solution File, Format Version 12.00
# Visual Studio Version 17
VisualStudioVersion = 17.6.33815.320
MinimumVisualStudioVersion = 10.0.40219.1
Project("{FAE04EC0-301F-11D3-BF4B-00C04F79EFBC}") = "STA_BD2", "STA_BD2\STA_BD2.csproj", "{D2367C46-528E-45D2-BB0B-F6C7A475A5D4}"
EndProject
Global
	GlobalSection(SolutionConfigurationPlatforms) = preSolution
		Debug|Any CPU = Debug|Any CPU
		Release|Any CPU = Release|Any CPU
	EndGlobalSection
	GlobalSection(ProjectConfigurationPlatforms) = postSolution
		{D2367C46-528E-45D2-BB0B-F6C7A475A5D4}.Debug|Any CPU.ActiveCfg = Debug|Any CPU
		{D2367C46-528E-45D2-BB0B-F6C7A475A5D4}.Debug|Any CPU.Build.0 = Debug|Any CPU
		{D2367C46-528E-45D2-BB0B-F6C7A475A5D4}.Release|Any CPU.ActiveCfg = Release|Any CPU
		{D2367C46-528E-45D2-BB0B-F6C7A475A5D4}.Release|Any CPU.Build.0 = Release|Any CPU
	EndGlobalSection
	GlobalSection(SolutionProperties) = preSolution
		HideSolutionNode = FALSE
	EndGlobalSection
	GlobalSection(ExtensibilityGlobals) = postSolution
		SolutionGuid = {549227C2-1E7E-4AFA-BE85-3A593DDB5E97}
	EndGlobalSection
EndGlobal
